
Microsoft Visual Studio Solution File, Format Version 12.00
# Visual Studio 14
VisualStudioVersion = 14.0.25420.1
MinimumVisualStudioVersion = 10.0.40219.1
Project("{FAE04EC0-301F-11D3-BF4B-00C04F79EFBC}") = "SmartHome.Entities", "SmartHome.Entities\SmartHome.Entities.csproj", "{4F0CD227-AAE1-48E5-8BCA-206355E5B3E5}"
EndProject
Project("{FAE04EC0-301F-11D3-BF4B-00C04F79EFBC}") = "SmartHome.EFStorage", "SmartHome.EFStorage\SmartHome.EFStorage.csproj", "{1D1711F4-277A-41C4-AF96-712202569B17}"
EndProject
Project("{FAE04EC0-301F-11D3-BF4B-00C04F79EFBC}") = "SmartHome.WEB", "SmartHome.WEB\SmartHome.WEB.csproj", "{E309144B-FAB6-417E-B5FE-F9873D03EE7F}"
EndProject
Project("{FAE04EC0-301F-11D3-BF4B-00C04F79EFBC}") = "SmartHome.Services", "SmartHome.Services\SmartHome.Services.csproj", "{0F48D454-80DB-4D85-87E2-52F32CD74544}"
EndProject
Global
	GlobalSection(SolutionConfigurationPlatforms) = preSolution
		Debug|Any CPU = Debug|Any CPU
		Release|Any CPU = Release|Any CPU
	EndGlobalSection
	GlobalSection(ProjectConfigurationPlatforms) = postSolution
		{4F0CD227-AAE1-48E5-8BCA-206355E5B3E5}.Debug|Any CPU.ActiveCfg = Debug|Any CPU
		{4F0CD227-AAE1-48E5-8BCA-206355E5B3E5}.Debug|Any CPU.Build.0 = Debug|Any CPU
		{4F0CD227-AAE1-48E5-8BCA-206355E5B3E5}.Release|Any CPU.ActiveCfg = Release|Any CPU
		{4F0CD227-AAE1-48E5-8BCA-206355E5B3E5}.Release|Any CPU.Build.0 = Release|Any CPU
		{1D1711F4-277A-41C4-AF96-712202569B17}.Debug|Any CPU.ActiveCfg = Debug|Any CPU
		{1D1711F4-277A-41C4-AF96-712202569B17}.Debug|Any CPU.Build.0 = Debug|Any CPU
		{1D1711F4-277A-41C4-AF96-712202569B17}.Release|Any CPU.ActiveCfg = Release|Any CPU
		{1D1711F4-277A-41C4-AF96-712202569B17}.Release|Any CPU.Build.0 = Release|Any CPU
		{E309144B-FAB6-417E-B5FE-F9873D03EE7F}.Debug|Any CPU.ActiveCfg = Debug|Any CPU
		{E309144B-FAB6-417E-B5FE-F9873D03EE7F}.Debug|Any CPU.Build.0 = Debug|Any CPU
		{E309144B-FAB6-417E-B5FE-F9873D03EE7F}.Release|Any CPU.ActiveCfg = Release|Any CPU
		{E309144B-FAB6-417E-B5FE-F9873D03EE7F}.Release|Any CPU.Build.0 = Release|Any CPU
		{0F48D454-80DB-4D85-87E2-52F32CD74544}.Debug|Any CPU.ActiveCfg = Debug|Any CPU
		{0F48D454-80DB-4D85-87E2-52F32CD74544}.Debug|Any CPU.Build.0 = Debug|Any CPU
		{0F48D454-80DB-4D85-87E2-52F32CD74544}.Release|Any CPU.ActiveCfg = Release|Any CPU
		{0F48D454-80DB-4D85-87E2-52F32CD74544}.Release|Any CPU.Build.0 = Release|Any CPU
	EndGlobalSection
	GlobalSection(SolutionProperties) = preSolution
		HideSolutionNode = FALSE
	EndGlobalSection
EndGlobal
